<?xml version="1.0" encoding="utf-8"?>
<Project ToolsVersion="4.0" xmlns="http://schemas.microsoft.com/developer/msbuild/2003">
  <ItemGroup>
    <Filter Include="ImGui">
      <UniqueIdentifier>{52ba4bec-2175-4615-9610-1e43c14971bf}</UniqueIdentifier>
    </Filter>
    <Filter Include="MinHook_x86">
      <UniqueIdentifier>{bd302351-93a7-4d70-970c-52e50084d021}</UniqueIdentifier>
    </Filter>
    <Filter Include="Gui">
      <UniqueIdentifier>{4c4a6ea4-f735-4cab-b257-ecb5dac54998}</UniqueIdentifier>
    </Filter>
    <Filter Include="MinHook_x86\lib">
      <UniqueIdentifier>{d9cf7162-3676-4ecf-a21f-e6c7a232046b}</UniqueIdentifier>
    </Filter>
    <Filter Include="MinHook_x86\include">
      <UniqueIdentifier>{dec5ce1d-fa5c-4848-bde5-42f8ef06babd}</UniqueIdentifier>
    </Filter>
    <Filter Include="Main">
      <UniqueIdentifier>{78b04712-caf2-4e70-bc3e-45387fb3af4b}</UniqueIdentifier>
    </Filter>
    <Filter Include="utils">
      <UniqueIdentifier>{60cf6ff5-9b0e-4460-a82b-200d95c8689f}</UniqueIdentifier>
    </Filter>
  </ItemGroup>
  <ItemGroup>
    <ClInclude Include="ImGui\imconfig.h">
      <Filter>ImGui</Filter>
    </ClInclude>
    <ClInclude Include="ImGui\imgui.h">
      <Filter>ImGui</Filter>
    </ClInclude>
    <ClInclude Include="ImGui\imgui_internal.h">
      <Filter>ImGui</Filter>
    </ClInclude>
    <ClInclude Include="ImGui\imstb_rectpack.h">
      <Filter>ImGui</Filter>
    </ClInclude>
    <ClInclude Include="ImGui\imstb_textedit.h">
      <Filter>ImGui</Filter>
    </ClInclude>
    <ClInclude Include="ImGui\imstb_truetype.h">
      <Filter>ImGui</Filter>
    </ClInclude>
    <ClInclude Include="MinHook_x86\include\MinHook.h">
      <Filter>MinHook_x86\include</Filter>
    </ClInclude>
    <ClInclude Include="gui.h">
      <Filter>Gui</Filter>
    </ClInclude>
    <ClInclude Include="..\..\Relic\ZeroFlick\utils\CUserCMD.h">
      <Filter>utils</Filter>
    </ClInclude>
    <ClInclude Include="ImGui\imgui_impl_win32.h">
      <Filter>ImGui</Filter>
    </ClInclude>
    <ClInclude Include="ImGui\imgui_impl_opengl3.h">
      <Filter>ImGui</Filter>
    </ClInclude>
    <ClInclude Include="ImGui\imgui_impl_opengl3_loader.h">
      <Filter>ImGui</Filter>
    </ClInclude>
  </ItemGroup>
  <ItemGroup>
    <ClCompile Include="ImGui\imgui.cpp">
      <Filter>ImGui</Filter>
    </ClCompile>
    <ClCompile Include="ImGui\imgui_draw.cpp">
      <Filter>ImGui</Filter>
    </ClCompile>
    <ClCompile Include="ImGui\imgui_tables.cpp">
      <Filter>ImGui</Filter>
    </ClCompile>
    <ClCompile Include="ImGui\imgui_widgets.cpp">
      <Filter>ImGui</Filter>
    </ClCompile>
    <ClCompile Include="gui.cpp">
      <Filter>Gui</Filter>
    </ClCompile>
    <ClCompile Include="dllmain.cpp.cpp">
      <Filter>Main</Filter>
    </ClCompile>
    <ClCompile Include="ImGui\imgui_impl_win32.cpp">
      <Filter>ImGui</Filter>
    </ClCompile>
    <ClCompile Include="ImGui\imgui_impl_opengl3.cpp">
      <Filter>ImGui</Filter>
    </ClCompile>
  </ItemGroup>
  <ItemGroup>
    <Library Include="MinHook_x86\lib\libMinHook.x86.lib">
      <Filter>MinHook_x86\lib</Filter>
    </Library>
    <Library Include="MinHook_x86\lib\libMinHook.x64.lib">
      <Filter>MinHook_x86\lib</Filter>
    </Library>
  </ItemGroup>
</Project>